
Microsoft Visual Studio Solution File, Format Version 12.00
# Visual Studio Version 17
VisualStudioVersion = 17.1.32328.378
MinimumVisualStudioVersion = 10.0.40219.1
Project("{9A19103F-16F7-4668-BE54-9A1E7A4F7556}") = "Task_042022", "Task_042022\Task_042022.csproj", "{DC06DFE1-1582-48AA-B25F-F9B361B60F0A}"
EndProject
Project("{FAE04EC0-301F-11D3-BF4B-00C04F79EFBC}") = "DB", "DB\DB.csproj", "{F5462057-585B-48F7-BAF8-562B150DD049}"
EndProject
Project("{FAE04EC0-301F-11D3-BF4B-00C04F79EFBC}") = "Common", "Common\Common.csproj", "{A27A5D37-F4DB-478F-8E8A-964A6119EC64}"
EndProject
Global
	GlobalSection(SolutionConfigurationPlatforms) = preSolution
		Debug|Any CPU = Debug|Any CPU
		Release|Any CPU = Release|Any CPU
	EndGlobalSection
	GlobalSection(ProjectConfigurationPlatforms) = postSolution
		{DC06DFE1-1582-48AA-B25F-F9B361B60F0A}.Debug|Any CPU.ActiveCfg = Debug|Any CPU
		{DC06DFE1-1582-48AA-B25F-F9B361B60F0A}.Debug|Any CPU.Build.0 = Debug|Any CPU
		{DC06DFE1-1582-48AA-B25F-F9B361B60F0A}.Release|Any CPU.ActiveCfg = Release|Any CPU
		{DC06DFE1-1582-48AA-B25F-F9B361B60F0A}.Release|Any CPU.Build.0 = Release|Any CPU
		{F5462057-585B-48F7-BAF8-562B150DD049}.Debug|Any CPU.ActiveCfg = Debug|Any CPU
		{F5462057-585B-48F7-BAF8-562B150DD049}.Debug|Any CPU.Build.0 = Debug|Any CPU
		{F5462057-585B-48F7-BAF8-562B150DD049}.Release|Any CPU.ActiveCfg = Release|Any CPU
		{F5462057-585B-48F7-BAF8-562B150DD049}.Release|Any CPU.Build.0 = Release|Any CPU
		{A27A5D37-F4DB-478F-8E8A-964A6119EC64}.Debug|Any CPU.ActiveCfg = Debug|Any CPU
		{A27A5D37-F4DB-478F-8E8A-964A6119EC64}.Debug|Any CPU.Build.0 = Debug|Any CPU
		{A27A5D37-F4DB-478F-8E8A-964A6119EC64}.Release|Any CPU.ActiveCfg = Release|Any CPU
		{A27A5D37-F4DB-478F-8E8A-964A6119EC64}.Release|Any CPU.Build.0 = Release|Any CPU
	EndGlobalSection
	GlobalSection(SolutionProperties) = preSolution
		HideSolutionNode = FALSE
	EndGlobalSection
	GlobalSection(ExtensibilityGlobals) = postSolution
		SolutionGuid = {9BF78288-F256-46D8-88BD-9DF3220858C3}
	EndGlobalSection
EndGlobal
